
Microsoft Visual Studio Solution File, Format Version 12.00
# Visual Studio Version 17
VisualStudioVersion = 17.9.34728.123
MinimumVisualStudioVersion = 10.0.40219.1
Project("{FAE04EC0-301F-11D3-BF4B-00C04F79EFBC}") = "Final Project with Class", "Final Project with Class.csproj", "{0AB0C2DB-576F-46BB-AF2A-5FE3655D94AF}"
EndProject
Global
	GlobalSection(SolutionConfigurationPlatforms) = preSolution
		Debug|Any CPU = Debug|Any CPU
		Release|Any CPU = Release|Any CPU
	EndGlobalSection
	GlobalSection(ProjectConfigurationPlatforms) = postSolution
		{0AB0C2DB-576F-46BB-AF2A-5FE3655D94AF}.Debug|Any CPU.ActiveCfg = Debug|Any CPU
		{0AB0C2DB-576F-46BB-AF2A-5FE3655D94AF}.Debug|Any CPU.Build.0 = Debug|Any CPU
		{0AB0C2DB-576F-46BB-AF2A-5FE3655D94AF}.Release|Any CPU.ActiveCfg = Release|Any CPU
		{0AB0C2DB-576F-46BB-AF2A-5FE3655D94AF}.Release|Any CPU.Build.0 = Release|Any CPU
	EndGlobalSection
	GlobalSection(SolutionProperties) = preSolution
		HideSolutionNode = FALSE
	EndGlobalSection
	GlobalSection(ExtensibilityGlobals) = postSolution
		SolutionGuid = {971AC8BF-998A-4EE7-BD6A-19320F595CAC}
	EndGlobalSection
EndGlobal
